// !$*UTF8*$!
{
	archiveVersion = 1;
	classes = {
	};
	objectVersion = 55;
	objects = {

/* Begin PBXBuildFile section */
		1E0C1E1927F41D080020AA75 /* AppDelegate.swift in Sources */ = {isa = PBXBuildFile; fileRef = 1E0C1E1827F41D080020AA75 /* AppDelegate.swift */; };
		1E0C1E1B27F41D080020AA75 /* SceneDelegate.swift in Sources */ = {isa = PBXBuildFile; fileRef = 1E0C1E1A27F41D080020AA75 /* SceneDelegate.swift */; };
		1E0C1E1D27F41D080020AA75 /* SignUpViewController.swift in Sources */ = {isa = PBXBuildFile; fileRef = 1E0C1E1C27F41D080020AA75 /* SignUpViewController.swift */; };
		1E0C1E2027F41D080020AA75 /* Main.storyboard in Resources */ = {isa = PBXBuildFile; fileRef = 1E0C1E1E27F41D080020AA75 /* Main.storyboard */; };
		1E0C1E2227F41D090020AA75 /* Assets.xcassets in Resources */ = {isa = PBXBuildFile; fileRef = 1E0C1E2127F41D090020AA75 /* Assets.xcassets */; };
		1E0C1E2527F41D090020AA75 /* LaunchScreen.storyboard in Resources */ = {isa = PBXBuildFile; fileRef = 1E0C1E2327F41D090020AA75 /* LaunchScreen.storyboard */; };
		1E0C1E3327F4221C0020AA75 /* SignUpView.swift in Sources */ = {isa = PBXBuildFile; fileRef = 1E0C1E3227F4221C0020AA75 /* SignUpView.swift */; };
		1E0C1E3627F58D530020AA75 /* SignUpViewText.swift in Sources */ = {isa = PBXBuildFile; fileRef = 1E0C1E3527F58D530020AA75 /* SignUpViewText.swift */; };
		1E0C1E3927F58F600020AA75 /* SignUpTitleLabel.swift in Sources */ = {isa = PBXBuildFile; fileRef = 1E0C1E3827F58F600020AA75 /* SignUpTitleLabel.swift */; };
		1E0C1E3B27F5973F0020AA75 /* SignUpInfoStackView.swift in Sources */ = {isa = PBXBuildFile; fileRef = 1E0C1E3A27F5973F0020AA75 /* SignUpInfoStackView.swift */; };
		1E0C1E3D27F59AC40020AA75 /* SignUpNextButton.swift in Sources */ = {isa = PBXBuildFile; fileRef = 1E0C1E3C27F59AC40020AA75 /* SignUpNextButton.swift */; };
/* End PBXBuildFile section */

/* Begin PBXFileReference section */
		1E0C1E1527F41D080020AA75 /* SignUpApp.app */ = {isa = PBXFileReference; explicitFileType = wrapper.application; includeInIndex = 0; path = SignUpApp.app; sourceTree = BUILT_PRODUCTS_DIR; };
		1E0C1E1827F41D080020AA75 /* AppDelegate.swift */ = {isa = PBXFileReference; lastKnownFileType = sourcecode.swift; path = AppDelegate.swift; sourceTree = "<group>"; };
		1E0C1E1A27F41D080020AA75 /* SceneDelegate.swift */ = {isa = PBXFileReference; lastKnownFileType = sourcecode.swift; path = SceneDelegate.swift; sourceTree = "<group>"; };
		1E0C1E1C27F41D080020AA75 /* SignUpViewController.swift */ = {isa = PBXFileReference; lastKnownFileType = sourcecode.swift; path = SignUpViewController.swift; sourceTree = "<group>"; };
		1E0C1E1F27F41D080020AA75 /* Base */ = {isa = PBXFileReference; lastKnownFileType = file.storyboard; name = Base; path = Base.lproj/Main.storyboard; sourceTree = "<group>"; };
		1E0C1E2127F41D090020AA75 /* Assets.xcassets */ = {isa = PBXFileReference; lastKnownFileType = folder.assetcatalog; path = Assets.xcassets; sourceTree = "<group>"; };
		1E0C1E2427F41D090020AA75 /* Base */ = {isa = PBXFileReference; lastKnownFileType = file.storyboard; name = Base; path = Base.lproj/LaunchScreen.storyboard; sourceTree = "<group>"; };
		1E0C1E2627F41D090020AA75 /* Info.plist */ = {isa = PBXFileReference; lastKnownFileType = text.plist.xml; path = Info.plist; sourceTree = "<group>"; };
		1E0C1E3227F4221C0020AA75 /* SignUpView.swift */ = {isa = PBXFileReference; lastKnownFileType = sourcecode.swift; path = SignUpView.swift; sourceTree = "<group>"; };
		1E0C1E3527F58D530020AA75 /* SignUpViewText.swift */ = {isa = PBXFileReference; lastKnownFileType = sourcecode.swift; path = SignUpViewText.swift; sourceTree = "<group>"; };
		1E0C1E3827F58F600020AA75 /* SignUpTitleLabel.swift */ = {isa = PBXFileReference; lastKnownFileType = sourcecode.swift; path = SignUpTitleLabel.swift; sourceTree = "<group>"; };
		1E0C1E3A27F5973F0020AA75 /* SignUpInfoStackView.swift */ = {isa = PBXFileReference; lastKnownFileType = sourcecode.swift; path = SignUpInfoStackView.swift; sourceTree = "<group>"; };
		1E0C1E3C27F59AC40020AA75 /* SignUpNextButton.swift */ = {isa = PBXFileReference; lastKnownFileType = sourcecode.swift; path = SignUpNextButton.swift; sourceTree = "<group>"; };
/* End PBXFileReference section */

/* Begin PBXFrameworksBuildPhase section */
		1E0C1E1227F41D080020AA75 /* Frameworks */ = {
			isa = PBXFrameworksBuildPhase;
			buildActionMask = 2147483647;
			files = (
			);
			runOnlyForDeploymentPostprocessing = 0;
		};
/* End PBXFrameworksBuildPhase section */

/* Begin PBXGroup section */
		1E0C1E0C27F41D080020AA75 = {
			isa = PBXGroup;
			children = (
				1E0C1E1727F41D080020AA75 /* SignUpApp */,
				1E0C1E1627F41D080020AA75 /* Products */,
			);
			sourceTree = "<group>";
		};
		1E0C1E1627F41D080020AA75 /* Products */ = {
			isa = PBXGroup;
			children = (
				1E0C1E1527F41D080020AA75 /* SignUpApp.app */,
			);
			name = Products;
			sourceTree = "<group>";
		};
		1E0C1E1727F41D080020AA75 /* SignUpApp */ = {
			isa = PBXGroup;
			children = (
				1E0C1E1827F41D080020AA75 /* AppDelegate.swift */,
				1E0C1E1A27F41D080020AA75 /* SceneDelegate.swift */,
				1E0C1E3427F58D410020AA75 /* Constants */,
				1E0C1E3127F421D10020AA75 /* Model */,
				1E0C1E2F27F421BF0020AA75 /* View */,
				1E0C1E3027F421C70020AA75 /* Controller */,
				1E0C1E1E27F41D080020AA75 /* Main.storyboard */,
				1E0C1E2327F41D090020AA75 /* LaunchScreen.storyboard */,
				1E0C1E2627F41D090020AA75 /* Info.plist */,
				1E0C1E2127F41D090020AA75 /* Assets.xcassets */,
			);
			path = SignUpApp;
			sourceTree = "<group>";
		};
		1E0C1E2F27F421BF0020AA75 /* View */ = {
			isa = PBXGroup;
			children = (
				1E0C1E3727F58F360020AA75 /* SignUpView */,
			);
			path = View;
			sourceTree = "<group>";
		};
		1E0C1E3027F421C70020AA75 /* Controller */ = {
			isa = PBXGroup;
			children = (
				1E0C1E1C27F41D080020AA75 /* SignUpViewController.swift */,
			);
			path = Controller;
			sourceTree = "<group>";
		};
		1E0C1E3127F421D10020AA75 /* Model */ = {
			isa = PBXGroup;
			children = (
			);
			path = Model;
			sourceTree = "<group>";
		};
		1E0C1E3427F58D410020AA75 /* Constants */ = {
			isa = PBXGroup;
			children = (
				1E0C1E3527F58D530020AA75 /* SignUpViewText.swift */,
			);
			path = Constants;
			sourceTree = "<group>";
		};
		1E0C1E3727F58F360020AA75 /* SignUpView */ = {
			isa = PBXGroup;
			children = (
				1E0C1E3227F4221C0020AA75 /* SignUpView.swift */,
				1E0C1E3A27F5973F0020AA75 /* SignUpInfoStackView.swift */,
				1E0C1E3827F58F600020AA75 /* SignUpTitleLabel.swift */,
				1E0C1E3C27F59AC40020AA75 /* SignUpNextButton.swift */,
			);
			path = SignUpView;
			sourceTree = "<group>";
		};
/* End PBXGroup section */

/* Begin PBXNativeTarget section */
		1E0C1E1427F41D080020AA75 /* SignUpApp */ = {
			isa = PBXNativeTarget;
			buildConfigurationList = 1E0C1E2927F41D090020AA75 /* Build configuration list for PBXNativeTarget "SignUpApp" */;
			buildPhases = (
				1E0C1E1127F41D080020AA75 /* Sources */,
				1E0C1E1227F41D080020AA75 /* Frameworks */,
				1E0C1E1327F41D080020AA75 /* Resources */,
			);
			buildRules = (
			);
			dependencies = (
			);
			name = SignUpApp;
			productName = SignUpApp;
			productReference = 1E0C1E1527F41D080020AA75 /* SignUpApp.app */;
			productType = "com.apple.product-type.application";
		};
/* End PBXNativeTarget section */

/* Begin PBXProject section */
		1E0C1E0D27F41D080020AA75 /* Project object */ = {
			isa = PBXProject;
			attributes = {
				BuildIndependentTargetsInParallel = 1;
				LastSwiftUpdateCheck = 1320;
				LastUpgradeCheck = 1320;
				TargetAttributes = {
					1E0C1E1427F41D080020AA75 = {
						CreatedOnToolsVersion = 13.2.1;
					};
				};
			};
			buildConfigurationList = 1E0C1E1027F41D080020AA75 /* Build configuration list for PBXProject "SignUpApp" */;
			compatibilityVersion = "Xcode 13.0";
			developmentRegion = en;
			hasScannedForEncodings = 0;
			knownRegions = (
				en,
				Base,
			);
			mainGroup = 1E0C1E0C27F41D080020AA75;
			productRefGroup = 1E0C1E1627F41D080020AA75 /* Products */;
			projectDirPath = "";
			projectRoot = "";
			targets = (
				1E0C1E1427F41D080020AA75 /* SignUpApp */,
			);
		};
/* End PBXProject section */

/* Begin PBXResourcesBuildPhase section */
		1E0C1E1327F41D080020AA75 /* Resources */ = {
			isa = PBXResourcesBuildPhase;
			buildActionMask = 2147483647;
			files = (
				1E0C1E2527F41D090020AA75 /* LaunchScreen.storyboard in Resources */,
				1E0C1E2227F41D090020AA75 /* Assets.xcassets in Resources */,
				1E0C1E2027F41D080020AA75 /* Main.storyboard in Resources */,
			);
			runOnlyForDeploymentPostprocessing = 0;
		};
/* End PBXResourcesBuildPhase section */

/* Begin PBXSourcesBuildPhase section */
		1E0C1E1127F41D080020AA75 /* Sources */ = {
			isa = PBXSourcesBuildPhase;
			buildActionMask = 2147483647;
			files = (
				1E0C1E3327F4221C0020AA75 /* SignUpView.swift in Sources */,
				1E0C1E3627F58D530020AA75 /* SignUpViewText.swift in Sources */,
				1E0C1E3D27F59AC40020AA75 /* SignUpNextButton.swift in Sources */,
				1E0C1E3B27F5973F0020AA75 /* SignUpInfoStackView.swift in Sources */,
				1E0C1E1D27F41D080020AA75 /* SignUpViewController.swift in Sources */,
				1E0C1E1927F41D080020AA75 /* AppDelegate.swift in Sources */,
				1E0C1E1B27F41D080020AA75 /* SceneDelegate.swift in Sources */,
				1E0C1E3927F58F600020AA75 /* SignUpTitleLabel.swift in Sources */,
			);
			runOnlyForDeploymentPostprocessing = 0;
		};
/* End PBXSourcesBuildPhase section */

/* Begin PBXVariantGroup section */
		1E0C1E1E27F41D080020AA75 /* Main.storyboard */ = {
			isa = PBXVariantGroup;
			children = (
				1E0C1E1F27F41D080020AA75 /* Base */,
			);
			name = Main.storyboard;
			sourceTree = "<group>";
		};
		1E0C1E2327F41D090020AA75 /* LaunchScreen.storyboard */ = {
			isa = PBXVariantGroup;
			children = (
				1E0C1E2427F41D090020AA75 /* Base */,
			);
			name = LaunchScreen.storyboard;
			sourceTree = "<group>";
		};
/* End PBXVariantGroup section */

/* Begin XCBuildConfiguration section */
		1E0C1E2727F41D090020AA75 /* Debug */ = {
			isa = XCBuildConfiguration;
			buildSettings = {
				ALWAYS_SEARCH_USER_PATHS = NO;
				CLANG_ANALYZER_NONNULL = YES;
				CLANG_ANALYZER_NUMBER_OBJECT_CONVERSION = YES_AGGRESSIVE;
				CLANG_CXX_LANGUAGE_STANDARD = "gnu++17";
				CLANG_CXX_LIBRARY = "libc++";
				CLANG_ENABLE_MODULES = YES;
				CLANG_ENABLE_OBJC_ARC = YES;
				CLANG_ENABLE_OBJC_WEAK = YES;
				CLANG_WARN_BLOCK_CAPTURE_AUTORELEASING = YES;
				CLANG_WARN_BOOL_CONVERSION = YES;
				CLANG_WARN_COMMA = YES;
				CLANG_WARN_CONSTANT_CONVERSION = YES;
				CLANG_WARN_DEPRECATED_OBJC_IMPLEMENTATIONS = YES;
				CLANG_WARN_DIRECT_OBJC_ISA_USAGE = YES_ERROR;
				CLANG_WARN_DOCUMENTATION_COMMENTS = YES;
				CLANG_WARN_EMPTY_BODY = YES;
				CLANG_WARN_ENUM_CONVERSION = YES;
				CLANG_WARN_INFINITE_RECURSION = YES;
				CLANG_WARN_INT_CONVERSION = YES;
				CLANG_WARN_NON_LITERAL_NULL_CONVERSION = YES;
				CLANG_WARN_OBJC_IMPLICIT_RETAIN_SELF = YES;
				CLANG_WARN_OBJC_LITERAL_CONVERSION = YES;
				CLANG_WARN_OBJC_ROOT_CLASS = YES_ERROR;
				CLANG_WARN_QUOTED_INCLUDE_IN_FRAMEWORK_HEADER = YES;
				CLANG_WARN_RANGE_LOOP_ANALYSIS = YES;
				CLANG_WARN_STRICT_PROTOTYPES = YES;
				CLANG_WARN_SUSPICIOUS_MOVE = YES;
				CLANG_WARN_UNGUARDED_AVAILABILITY = YES_AGGRESSIVE;
				CLANG_WARN_UNREACHABLE_CODE = YES;
				CLANG_WARN__DUPLICATE_METHOD_MATCH = YES;
				COPY_PHASE_STRIP = NO;
				DEBUG_INFORMATION_FORMAT = dwarf;
				ENABLE_STRICT_OBJC_MSGSEND = YES;
				ENABLE_TESTABILITY = YES;
				GCC_C_LANGUAGE_STANDARD = gnu11;
				GCC_DYNAMIC_NO_PIC = NO;
				GCC_NO_COMMON_BLOCKS = YES;
				GCC_OPTIMIZATION_LEVEL = 0;
				GCC_PREPROCESSOR_DEFINITIONS = (
					"DEBUG=1",
					"$(inherited)",
				);
				GCC_WARN_64_TO_32_BIT_CONVERSION = YES;
				GCC_WARN_ABOUT_RETURN_TYPE = YES_ERROR;
				GCC_WARN_UNDECLARED_SELECTOR = YES;
				GCC_WARN_UNINITIALIZED_AUTOS = YES_AGGRESSIVE;
				GCC_WARN_UNUSED_FUNCTION = YES;
				GCC_WARN_UNUSED_VARIABLE = YES;
				IPHONEOS_DEPLOYMENT_TARGET = 15.2;
				MTL_ENABLE_DEBUG_INFO = INCLUDE_SOURCE;
				MTL_FAST_MATH = YES;
				ONLY_ACTIVE_ARCH = YES;
				SDKROOT = iphoneos;
				SWIFT_ACTIVE_COMPILATION_CONDITIONS = DEBUG;
				SWIFT_OPTIMIZATION_LEVEL = "-Onone";
			};
			name = Debug;
		};
		1E0C1E2827F41D090020AA75 /* Release */ = {
			isa = XCBuildConfiguration;
			buildSettings = {
				ALWAYS_SEARCH_USER_PATHS = NO;
				CLANG_ANALYZER_NONNULL = YES;
				CLANG_ANALYZER_NUMBER_OBJECT_CONVERSION = YES_AGGRESSIVE;
				CLANG_CXX_LANGUAGE_STANDARD = "gnu++17";
				CLANG_CXX_LIBRARY = "libc++";
				CLANG_ENABLE_MODULES = YES;
				CLANG_ENABLE_OBJC_ARC = YES;
				CLANG_ENABLE_OBJC_WEAK = YES;
				CLANG_WARN_BLOCK_CAPTURE_AUTORELEASING = YES;
				CLANG_WARN_BOOL_CONVERSION = YES;
				CLANG_WARN_COMMA = YES;
				CLANG_WARN_CONSTANT_CONVERSION = YES;
				CLANG_WARN_DEPRECATED_OBJC_IMPLEMENTATIONS = YES;
				CLANG_WARN_DIRECT_OBJC_ISA_USAGE = YES_ERROR;
				CLANG_WARN_DOCUMENTATION_COMMENTS = YES;
				CLANG_WARN_EMPTY_BODY = YES;
				CLANG_WARN_ENUM_CONVERSION = YES;
				CLANG_WARN_INFINITE_RECURSION = YES;
				CLANG_WARN_INT_CONVERSION = YES;
				CLANG_WARN_NON_LITERAL_NULL_CONVERSION = YES;
				CLANG_WARN_OBJC_IMPLICIT_RETAIN_SELF = YES;
				CLANG_WARN_OBJC_LITERAL_CONVERSION = YES;
				CLANG_WARN_OBJC_ROOT_CLASS = YES_ERROR;
				CLANG_WARN_QUOTED_INCLUDE_IN_FRAMEWORK_HEADER = YES;
				CLANG_WARN_RANGE_LOOP_ANALYSIS = YES;
				CLANG_WARN_STRICT_PROTOTYPES = YES;
				CLANG_WARN_SUSPICIOUS_MOVE = YES;
				CLANG_WARN_UNGUARDED_AVAILABILITY = YES_AGGRESSIVE;
				CLANG_WARN_UNREACHABLE_CODE = YES;
				CLANG_WARN__DUPLICATE_METHOD_MATCH = YES;
				COPY_PHASE_STRIP = NO;
				DEBUG_INFORMATION_FORMAT = "dwarf-with-dsym";
				ENABLE_NS_ASSERTIONS = NO;
				ENABLE_STRICT_OBJC_MSGSEND = YES;
				GCC_C_LANGUAGE_STANDARD = gnu11;
				GCC_NO_COMMON_BLOCKS = YES;
				GCC_WARN_64_TO_32_BIT_CONVERSION = YES;
				GCC_WARN_ABOUT_RETURN_TYPE = YES_ERROR;
				GCC_WARN_UNDECLARED_SELECTOR = YES;
				GCC_WARN_UNINITIALIZED_AUTOS = YES_AGGRESSIVE;
				GCC_WARN_UNUSED_FUNCTION = YES;
				GCC_WARN_UNUSED_VARIABLE = YES;
				IPHONEOS_DEPLOYMENT_TARGET = 15.2;
				MTL_ENABLE_DEBUG_INFO = NO;
				MTL_FAST_MATH = YES;
				SDKROOT = iphoneos;
				SWIFT_COMPILATION_MODE = wholemodule;
				SWIFT_OPTIMIZATION_LEVEL = "-O";
				VALIDATE_PRODUCT = YES;
			};
			name = Release;
		};
		1E0C1E2A27F41D090020AA75 /* Debug */ = {
			isa = XCBuildConfiguration;
			buildSettings = {
				ASSETCATALOG_COMPILER_APPICON_NAME = AppIcon;
				ASSETCATALOG_COMPILER_GLOBAL_ACCENT_COLOR_NAME = AccentColor;
				CODE_SIGN_STYLE = Automatic;
				CURRENT_PROJECT_VERSION = 1;
				DEVELOPMENT_TEAM = MPN6WL3W3U;
				GENERATE_INFOPLIST_FILE = YES;
				INFOPLIST_FILE = SignUpApp/Info.plist;
				INFOPLIST_KEY_UIApplicationSupportsIndirectInputEvents = YES;
				INFOPLIST_KEY_UILaunchStoryboardName = LaunchScreen;
				INFOPLIST_KEY_UIMainStoryboardFile = Main;
				INFOPLIST_KEY_UISupportedInterfaceOrientations_iPad = "UIInterfaceOrientationPortrait UIInterfaceOrientationPortraitUpsideDown UIInterfaceOrientationLandscapeLeft UIInterfaceOrientationLandscapeRight";
				INFOPLIST_KEY_UISupportedInterfaceOrientations_iPhone = "UIInterfaceOrientationPortrait UIInterfaceOrientationLandscapeLeft UIInterfaceOrientationLandscapeRight";
				LD_RUNPATH_SEARCH_PATHS = (
					"$(inherited)",
					"@executable_path/Frameworks",
				);
				MARKETING_VERSION = 1.0;
				PRODUCT_BUNDLE_IDENTIFIER = com.sanghyeok.test.SignUpApp;
				PRODUCT_NAME = "$(TARGET_NAME)";
				SWIFT_EMIT_LOC_STRINGS = YES;
				SWIFT_VERSION = 5.0;
				TARGETED_DEVICE_FAMILY = "1,2";
			};
			name = Debug;
		};
		1E0C1E2B27F41D090020AA75 /* Release */ = {
			isa = XCBuildConfiguration;
			buildSettings = {
				ASSETCATALOG_COMPILER_APPICON_NAME = AppIcon;
				ASSETCATALOG_COMPILER_GLOBAL_ACCENT_COLOR_NAME = AccentColor;
				CODE_SIGN_STYLE = Automatic;
				CURRENT_PROJECT_VERSION = 1;
				DEVELOPMENT_TEAM = MPN6WL3W3U;
				GENERATE_INFOPLIST_FILE = YES;
				INFOPLIST_FILE = SignUpApp/Info.plist;
				INFOPLIST_KEY_UIApplicationSupportsIndirectInputEvents = YES;
				INFOPLIST_KEY_UILaunchStoryboardName = LaunchScreen;
				INFOPLIST_KEY_UIMainStoryboardFile = Main;
				INFOPLIST_KEY_UISupportedInterfaceOrientations_iPad = "UIInterfaceOrientationPortrait UIInterfaceOrientationPortraitUpsideDown UIInterfaceOrientationLandscapeLeft UIInterfaceOrientationLandscapeRight";
				INFOPLIST_KEY_UISupportedInterfaceOrientations_iPhone = "UIInterfaceOrientationPortrait UIInterfaceOrientationLandscapeLeft UIInterfaceOrientationLandscapeRight";
				LD_RUNPATH_SEARCH_PATHS = (
					"$(inherited)",
					"@executable_path/Frameworks",
				);
				MARKETING_VERSION = 1.0;
				PRODUCT_BUNDLE_IDENTIFIER = com.sanghyeok.test.SignUpApp;
				PRODUCT_NAME = "$(TARGET_NAME)";
				SWIFT_EMIT_LOC_STRINGS = YES;
				SWIFT_VERSION = 5.0;
				TARGETED_DEVICE_FAMILY = "1,2";
			};
			name = Release;
		};
/* End XCBuildConfiguration section */

/* Begin XCConfigurationList section */
		1E0C1E1027F41D080020AA75 /* Build configuration list for PBXProject "SignUpApp" */ = {
			isa = XCConfigurationList;
			buildConfigurations = (
				1E0C1E2727F41D090020AA75 /* Debug */,
				1E0C1E2827F41D090020AA75 /* Release */,
			);
			defaultConfigurationIsVisible = 0;
			defaultConfigurationName = Release;
		};
		1E0C1E2927F41D090020AA75 /* Build configuration list for PBXNativeTarget "SignUpApp" */ = {
			isa = XCConfigurationList;
			buildConfigurations = (
				1E0C1E2A27F41D090020AA75 /* Debug */,
				1E0C1E2B27F41D090020AA75 /* Release */,
			);
			defaultConfigurationIsVisible = 0;
			defaultConfigurationName = Release;
		};
/* End XCConfigurationList section */
	};
	rootObject = 1E0C1E0D27F41D080020AA75 /* Project object */;
}
