// !$*UTF8*$!
{
	archiveVersion = 1;
	classes = {
	};
	objectVersion = 55;
	objects = {

/* Begin PBXBuildFile section */
		1B64B70027F14CF700B29580 /* AppDelegate.swift in Sources */ = {isa = PBXBuildFile; fileRef = 1B64B6FF27F14CF700B29580 /* AppDelegate.swift */; };
		1B64B70227F14CF700B29580 /* SceneDelegate.swift in Sources */ = {isa = PBXBuildFile; fileRef = 1B64B70127F14CF700B29580 /* SceneDelegate.swift */; };
		1B64B70427F14CF700B29580 /* SignUpViewController.swift in Sources */ = {isa = PBXBuildFile; fileRef = 1B64B70327F14CF700B29580 /* SignUpViewController.swift */; };
		1B64B70727F14CF700B29580 /* Main.storyboard in Resources */ = {isa = PBXBuildFile; fileRef = 1B64B70527F14CF700B29580 /* Main.storyboard */; };
		1B64B70927F14CF900B29580 /* Assets.xcassets in Resources */ = {isa = PBXBuildFile; fileRef = 1B64B70827F14CF900B29580 /* Assets.xcassets */; };
		1B64B70C27F14CF900B29580 /* LaunchScreen.storyboard in Resources */ = {isa = PBXBuildFile; fileRef = 1B64B70A27F14CF900B29580 /* LaunchScreen.storyboard */; };
		1B64B73027F14D1E00B29580 /* README.md in Resources */ = {isa = PBXBuildFile; fileRef = 1B64B72F27F14D1E00B29580 /* README.md */; };
		1B64B73727F15D9400B29580 /* CustomSegueButton.swift in Sources */ = {isa = PBXBuildFile; fileRef = 1B64B73627F15D9400B29580 /* CustomSegueButton.swift */; };
		1B64B73927F1744B00B29580 /* PrivateInfoViewController.swift in Sources */ = {isa = PBXBuildFile; fileRef = 1B64B73827F1744B00B29580 /* PrivateInfoViewController.swift */; };
/* End PBXBuildFile section */

/* Begin PBXContainerItemProxy section */
		1B64B71327F14CF900B29580 /* PBXContainerItemProxy */ = {
			isa = PBXContainerItemProxy;
			containerPortal = 1B64B6F427F14CF700B29580 /* Project object */;
			proxyType = 1;
			remoteGlobalIDString = 1B64B6FB27F14CF700B29580;
			remoteInfo = SignUp;
		};
		1B64B71D27F14CF900B29580 /* PBXContainerItemProxy */ = {
			isa = PBXContainerItemProxy;
			containerPortal = 1B64B6F427F14CF700B29580 /* Project object */;
			proxyType = 1;
			remoteGlobalIDString = 1B64B6FB27F14CF700B29580;
			remoteInfo = SignUp;
		};
/* End PBXContainerItemProxy section */

/* Begin PBXFileReference section */
		1B64B6FC27F14CF700B29580 /* SignUp.app */ = {isa = PBXFileReference; explicitFileType = wrapper.application; includeInIndex = 0; path = SignUp.app; sourceTree = BUILT_PRODUCTS_DIR; };
		1B64B6FF27F14CF700B29580 /* AppDelegate.swift */ = {isa = PBXFileReference; lastKnownFileType = sourcecode.swift; path = AppDelegate.swift; sourceTree = "<group>"; };
		1B64B70127F14CF700B29580 /* SceneDelegate.swift */ = {isa = PBXFileReference; lastKnownFileType = sourcecode.swift; path = SceneDelegate.swift; sourceTree = "<group>"; };
		1B64B70327F14CF700B29580 /* SignUpViewController.swift */ = {isa = PBXFileReference; lastKnownFileType = sourcecode.swift; path = SignUpViewController.swift; sourceTree = "<group>"; };
		1B64B70627F14CF700B29580 /* Base */ = {isa = PBXFileReference; lastKnownFileType = file.storyboard; name = Base; path = Base.lproj/Main.storyboard; sourceTree = "<group>"; };
		1B64B70827F14CF900B29580 /* Assets.xcassets */ = {isa = PBXFileReference; lastKnownFileType = folder.assetcatalog; path = Assets.xcassets; sourceTree = "<group>"; };
		1B64B70B27F14CF900B29580 /* Base */ = {isa = PBXFileReference; lastKnownFileType = file.storyboard; name = Base; path = Base.lproj/LaunchScreen.storyboard; sourceTree = "<group>"; };
		1B64B70D27F14CF900B29580 /* Info.plist */ = {isa = PBXFileReference; lastKnownFileType = text.plist.xml; path = Info.plist; sourceTree = "<group>"; };
		1B64B71227F14CF900B29580 /* SignUpTests.xctest */ = {isa = PBXFileReference; explicitFileType = wrapper.cfbundle; includeInIndex = 0; path = SignUpTests.xctest; sourceTree = BUILT_PRODUCTS_DIR; };
		1B64B71C27F14CF900B29580 /* SignUpUITests.xctest */ = {isa = PBXFileReference; explicitFileType = wrapper.cfbundle; includeInIndex = 0; path = SignUpUITests.xctest; sourceTree = BUILT_PRODUCTS_DIR; };
		1B64B72F27F14D1E00B29580 /* README.md */ = {isa = PBXFileReference; fileEncoding = 4; lastKnownFileType = net.daringfireball.markdown; name = README.md; path = ../README.md; sourceTree = "<group>"; };
		1B64B73627F15D9400B29580 /* CustomSegueButton.swift */ = {isa = PBXFileReference; lastKnownFileType = sourcecode.swift; path = CustomSegueButton.swift; sourceTree = "<group>"; };
		1B64B73827F1744B00B29580 /* PrivateInfoViewController.swift */ = {isa = PBXFileReference; lastKnownFileType = sourcecode.swift; path = PrivateInfoViewController.swift; sourceTree = "<group>"; };
/* End PBXFileReference section */

/* Begin PBXFrameworksBuildPhase section */
		1B64B6F927F14CF700B29580 /* Frameworks */ = {
			isa = PBXFrameworksBuildPhase;
			buildActionMask = 2147483647;
			files = (
			);
			runOnlyForDeploymentPostprocessing = 0;
		};
		1B64B70F27F14CF900B29580 /* Frameworks */ = {
			isa = PBXFrameworksBuildPhase;
			buildActionMask = 2147483647;
			files = (
			);
			runOnlyForDeploymentPostprocessing = 0;
		};
		1B64B71927F14CF900B29580 /* Frameworks */ = {
			isa = PBXFrameworksBuildPhase;
			buildActionMask = 2147483647;
			files = (
			);
			runOnlyForDeploymentPostprocessing = 0;
		};
/* End PBXFrameworksBuildPhase section */

/* Begin PBXGroup section */
		1B64B6F327F14CF700B29580 = {
			isa = PBXGroup;
			children = (
				1B64B72F27F14D1E00B29580 /* README.md */,
				1B64B6FE27F14CF700B29580 /* SignUp */,
				1B64B71527F14CF900B29580 /* SignUpTests */,
				1B64B71F27F14CF900B29580 /* SignUpUITests */,
				1B64B6FD27F14CF700B29580 /* Products */,
			);
			sourceTree = "<group>";
		};
		1B64B6FD27F14CF700B29580 /* Products */ = {
			isa = PBXGroup;
			children = (
				1B64B6FC27F14CF700B29580 /* SignUp.app */,
				1B64B71227F14CF900B29580 /* SignUpTests.xctest */,
				1B64B71C27F14CF900B29580 /* SignUpUITests.xctest */,
			);
			name = Products;
			sourceTree = "<group>";
		};
		1B64B6FE27F14CF700B29580 /* SignUp */ = {
			isa = PBXGroup;
			children = (
				1B64B73127F14D6C00B29580 /* Supporting */,
				1B64B73227F14D7400B29580 /* View */,
				1B64B70527F14CF700B29580 /* Main.storyboard */,
				1B64B70A27F14CF900B29580 /* LaunchScreen.storyboard */,
			);
			path = SignUp;
			sourceTree = "<group>";
		};
		1B64B71527F14CF900B29580 /* SignUpTests */ = {
			isa = PBXGroup;
			children = (
			);
			path = SignUpTests;
			sourceTree = "<group>";
		};
		1B64B71F27F14CF900B29580 /* SignUpUITests */ = {
			isa = PBXGroup;
			children = (
			);
			path = SignUpUITests;
			sourceTree = "<group>";
		};
		1B64B73127F14D6C00B29580 /* Supporting */ = {
			isa = PBXGroup;
			children = (
				1B64B6FF27F14CF700B29580 /* AppDelegate.swift */,
				1B64B70127F14CF700B29580 /* SceneDelegate.swift */,
				1B64B70827F14CF900B29580 /* Assets.xcassets */,
				1B64B70D27F14CF900B29580 /* Info.plist */,
			);
			path = Supporting;
			sourceTree = "<group>";
		};
		1B64B73227F14D7400B29580 /* View */ = {
			isa = PBXGroup;
			children = (
				1B64B70327F14CF700B29580 /* SignUpViewController.swift */,
				1B64B73827F1744B00B29580 /* PrivateInfoViewController.swift */,
				1B64B73627F15D9400B29580 /* CustomSegueButton.swift */,
			);
			path = View;
			sourceTree = "<group>";
		};
/* End PBXGroup section */

/* Begin PBXNativeTarget section */
		1B64B6FB27F14CF700B29580 /* SignUp */ = {
			isa = PBXNativeTarget;
			buildConfigurationList = 1B64B72627F14CF900B29580 /* Build configuration list for PBXNativeTarget "SignUp" */;
			buildPhases = (
				1B64B6F827F14CF700B29580 /* Sources */,
				1B64B6F927F14CF700B29580 /* Frameworks */,
				1B64B6FA27F14CF700B29580 /* Resources */,
			);
			buildRules = (
			);
			dependencies = (
			);
			name = SignUp;
			productName = SignUp;
			productReference = 1B64B6FC27F14CF700B29580 /* SignUp.app */;
			productType = "com.apple.product-type.application";
		};
		1B64B71127F14CF900B29580 /* SignUpTests */ = {
			isa = PBXNativeTarget;
			buildConfigurationList = 1B64B72927F14CF900B29580 /* Build configuration list for PBXNativeTarget "SignUpTests" */;
			buildPhases = (
				1B64B70E27F14CF900B29580 /* Sources */,
				1B64B70F27F14CF900B29580 /* Frameworks */,
				1B64B71027F14CF900B29580 /* Resources */,
			);
			buildRules = (
			);
			dependencies = (
				1B64B71427F14CF900B29580 /* PBXTargetDependency */,
			);
			name = SignUpTests;
			productName = SignUpTests;
			productReference = 1B64B71227F14CF900B29580 /* SignUpTests.xctest */;
			productType = "com.apple.product-type.bundle.unit-test";
		};
		1B64B71B27F14CF900B29580 /* SignUpUITests */ = {
			isa = PBXNativeTarget;
			buildConfigurationList = 1B64B72C27F14CF900B29580 /* Build configuration list for PBXNativeTarget "SignUpUITests" */;
			buildPhases = (
				1B64B71827F14CF900B29580 /* Sources */,
				1B64B71927F14CF900B29580 /* Frameworks */,
				1B64B71A27F14CF900B29580 /* Resources */,
			);
			buildRules = (
			);
			dependencies = (
				1B64B71E27F14CF900B29580 /* PBXTargetDependency */,
			);
			name = SignUpUITests;
			productName = SignUpUITests;
			productReference = 1B64B71C27F14CF900B29580 /* SignUpUITests.xctest */;
			productType = "com.apple.product-type.bundle.ui-testing";
		};
/* End PBXNativeTarget section */

/* Begin PBXProject section */
		1B64B6F427F14CF700B29580 /* Project object */ = {
			isa = PBXProject;
			attributes = {
				BuildIndependentTargetsInParallel = 1;
				LastSwiftUpdateCheck = 1330;
				LastUpgradeCheck = 1330;
				TargetAttributes = {
					1B64B6FB27F14CF700B29580 = {
						CreatedOnToolsVersion = 13.3;
					};
					1B64B71127F14CF900B29580 = {
						CreatedOnToolsVersion = 13.3;
						TestTargetID = 1B64B6FB27F14CF700B29580;
					};
					1B64B71B27F14CF900B29580 = {
						CreatedOnToolsVersion = 13.3;
						TestTargetID = 1B64B6FB27F14CF700B29580;
					};
				};
			};
			buildConfigurationList = 1B64B6F727F14CF700B29580 /* Build configuration list for PBXProject "SignUp" */;
			compatibilityVersion = "Xcode 13.0";
			developmentRegion = en;
			hasScannedForEncodings = 0;
			knownRegions = (
				en,
				Base,
			);
			mainGroup = 1B64B6F327F14CF700B29580;
			productRefGroup = 1B64B6FD27F14CF700B29580 /* Products */;
			projectDirPath = "";
			projectRoot = "";
			targets = (
				1B64B6FB27F14CF700B29580 /* SignUp */,
				1B64B71127F14CF900B29580 /* SignUpTests */,
				1B64B71B27F14CF900B29580 /* SignUpUITests */,
			);
		};
/* End PBXProject section */

/* Begin PBXResourcesBuildPhase section */
		1B64B6FA27F14CF700B29580 /* Resources */ = {
			isa = PBXResourcesBuildPhase;
			buildActionMask = 2147483647;
			files = (
				1B64B70C27F14CF900B29580 /* LaunchScreen.storyboard in Resources */,
				1B64B70927F14CF900B29580 /* Assets.xcassets in Resources */,
				1B64B73027F14D1E00B29580 /* README.md in Resources */,
				1B64B70727F14CF700B29580 /* Main.storyboard in Resources */,
			);
			runOnlyForDeploymentPostprocessing = 0;
		};
		1B64B71027F14CF900B29580 /* Resources */ = {
			isa = PBXResourcesBuildPhase;
			buildActionMask = 2147483647;
			files = (
			);
			runOnlyForDeploymentPostprocessing = 0;
		};
		1B64B71A27F14CF900B29580 /* Resources */ = {
			isa = PBXResourcesBuildPhase;
			buildActionMask = 2147483647;
			files = (
			);
			runOnlyForDeploymentPostprocessing = 0;
		};
/* End PBXResourcesBuildPhase section */

/* Begin PBXSourcesBuildPhase section */
		1B64B6F827F14CF700B29580 /* Sources */ = {
			isa = PBXSourcesBuildPhase;
			buildActionMask = 2147483647;
			files = (
				1B64B73927F1744B00B29580 /* PrivateInfoViewController.swift in Sources */,
				1B64B70427F14CF700B29580 /* SignUpViewController.swift in Sources */,
				1B64B70027F14CF700B29580 /* AppDelegate.swift in Sources */,
				1B64B70227F14CF700B29580 /* SceneDelegate.swift in Sources */,
				1B64B73727F15D9400B29580 /* CustomSegueButton.swift in Sources */,
			);
			runOnlyForDeploymentPostprocessing = 0;
		};
		1B64B70E27F14CF900B29580 /* Sources */ = {
			isa = PBXSourcesBuildPhase;
			buildActionMask = 2147483647;
			files = (
			);
			runOnlyForDeploymentPostprocessing = 0;
		};
		1B64B71827F14CF900B29580 /* Sources */ = {
			isa = PBXSourcesBuildPhase;
			buildActionMask = 2147483647;
			files = (
			);
			runOnlyForDeploymentPostprocessing = 0;
		};
/* End PBXSourcesBuildPhase section */

/* Begin PBXTargetDependency section */
		1B64B71427F14CF900B29580 /* PBXTargetDependency */ = {
			isa = PBXTargetDependency;
			target = 1B64B6FB27F14CF700B29580 /* SignUp */;
			targetProxy = 1B64B71327F14CF900B29580 /* PBXContainerItemProxy */;
		};
		1B64B71E27F14CF900B29580 /* PBXTargetDependency */ = {
			isa = PBXTargetDependency;
			target = 1B64B6FB27F14CF700B29580 /* SignUp */;
			targetProxy = 1B64B71D27F14CF900B29580 /* PBXContainerItemProxy */;
		};
/* End PBXTargetDependency section */

/* Begin PBXVariantGroup section */
		1B64B70527F14CF700B29580 /* Main.storyboard */ = {
			isa = PBXVariantGroup;
			children = (
				1B64B70627F14CF700B29580 /* Base */,
			);
			name = Main.storyboard;
			sourceTree = "<group>";
		};
		1B64B70A27F14CF900B29580 /* LaunchScreen.storyboard */ = {
			isa = PBXVariantGroup;
			children = (
				1B64B70B27F14CF900B29580 /* Base */,
			);
			name = LaunchScreen.storyboard;
			sourceTree = "<group>";
		};
/* End PBXVariantGroup section */

/* Begin XCBuildConfiguration section */
		1B64B72427F14CF900B29580 /* Debug */ = {
			isa = XCBuildConfiguration;
			buildSettings = {
				ALWAYS_SEARCH_USER_PATHS = NO;
				CLANG_ANALYZER_NONNULL = YES;
				CLANG_ANALYZER_NUMBER_OBJECT_CONVERSION = YES_AGGRESSIVE;
				CLANG_CXX_LANGUAGE_STANDARD = "gnu++17";
				CLANG_ENABLE_MODULES = YES;
				CLANG_ENABLE_OBJC_ARC = YES;
				CLANG_ENABLE_OBJC_WEAK = YES;
				CLANG_WARN_BLOCK_CAPTURE_AUTORELEASING = YES;
				CLANG_WARN_BOOL_CONVERSION = YES;
				CLANG_WARN_COMMA = YES;
				CLANG_WARN_CONSTANT_CONVERSION = YES;
				CLANG_WARN_DEPRECATED_OBJC_IMPLEMENTATIONS = YES;
				CLANG_WARN_DIRECT_OBJC_ISA_USAGE = YES_ERROR;
				CLANG_WARN_DOCUMENTATION_COMMENTS = YES;
				CLANG_WARN_EMPTY_BODY = YES;
				CLANG_WARN_ENUM_CONVERSION = YES;
				CLANG_WARN_INFINITE_RECURSION = YES;
				CLANG_WARN_INT_CONVERSION = YES;
				CLANG_WARN_NON_LITERAL_NULL_CONVERSION = YES;
				CLANG_WARN_OBJC_IMPLICIT_RETAIN_SELF = YES;
				CLANG_WARN_OBJC_LITERAL_CONVERSION = YES;
				CLANG_WARN_OBJC_ROOT_CLASS = YES_ERROR;
				CLANG_WARN_QUOTED_INCLUDE_IN_FRAMEWORK_HEADER = YES;
				CLANG_WARN_RANGE_LOOP_ANALYSIS = YES;
				CLANG_WARN_STRICT_PROTOTYPES = YES;
				CLANG_WARN_SUSPICIOUS_MOVE = YES;
				CLANG_WARN_UNGUARDED_AVAILABILITY = YES_AGGRESSIVE;
				CLANG_WARN_UNREACHABLE_CODE = YES;
				CLANG_WARN__DUPLICATE_METHOD_MATCH = YES;
				COPY_PHASE_STRIP = NO;
				DEBUG_INFORMATION_FORMAT = dwarf;
				ENABLE_STRICT_OBJC_MSGSEND = YES;
				ENABLE_TESTABILITY = YES;
				GCC_C_LANGUAGE_STANDARD = gnu11;
				GCC_DYNAMIC_NO_PIC = NO;
				GCC_NO_COMMON_BLOCKS = YES;
				GCC_OPTIMIZATION_LEVEL = 0;
				GCC_PREPROCESSOR_DEFINITIONS = (
					"DEBUG=1",
					"$(inherited)",
				);
				GCC_WARN_64_TO_32_BIT_CONVERSION = YES;
				GCC_WARN_ABOUT_RETURN_TYPE = YES_ERROR;
				GCC_WARN_UNDECLARED_SELECTOR = YES;
				GCC_WARN_UNINITIALIZED_AUTOS = YES_AGGRESSIVE;
				GCC_WARN_UNUSED_FUNCTION = YES;
				GCC_WARN_UNUSED_VARIABLE = YES;
				IPHONEOS_DEPLOYMENT_TARGET = 15.4;
				MTL_ENABLE_DEBUG_INFO = INCLUDE_SOURCE;
				MTL_FAST_MATH = YES;
				ONLY_ACTIVE_ARCH = YES;
				SDKROOT = iphoneos;
				SWIFT_ACTIVE_COMPILATION_CONDITIONS = DEBUG;
				SWIFT_OPTIMIZATION_LEVEL = "-Onone";
			};
			name = Debug;
		};
		1B64B72527F14CF900B29580 /* Release */ = {
			isa = XCBuildConfiguration;
			buildSettings = {
				ALWAYS_SEARCH_USER_PATHS = NO;
				CLANG_ANALYZER_NONNULL = YES;
				CLANG_ANALYZER_NUMBER_OBJECT_CONVERSION = YES_AGGRESSIVE;
				CLANG_CXX_LANGUAGE_STANDARD = "gnu++17";
				CLANG_ENABLE_MODULES = YES;
				CLANG_ENABLE_OBJC_ARC = YES;
				CLANG_ENABLE_OBJC_WEAK = YES;
				CLANG_WARN_BLOCK_CAPTURE_AUTORELEASING = YES;
				CLANG_WARN_BOOL_CONVERSION = YES;
				CLANG_WARN_COMMA = YES;
				CLANG_WARN_CONSTANT_CONVERSION = YES;
				CLANG_WARN_DEPRECATED_OBJC_IMPLEMENTATIONS = YES;
				CLANG_WARN_DIRECT_OBJC_ISA_USAGE = YES_ERROR;
				CLANG_WARN_DOCUMENTATION_COMMENTS = YES;
				CLANG_WARN_EMPTY_BODY = YES;
				CLANG_WARN_ENUM_CONVERSION = YES;
				CLANG_WARN_INFINITE_RECURSION = YES;
				CLANG_WARN_INT_CONVERSION = YES;
				CLANG_WARN_NON_LITERAL_NULL_CONVERSION = YES;
				CLANG_WARN_OBJC_IMPLICIT_RETAIN_SELF = YES;
				CLANG_WARN_OBJC_LITERAL_CONVERSION = YES;
				CLANG_WARN_OBJC_ROOT_CLASS = YES_ERROR;
				CLANG_WARN_QUOTED_INCLUDE_IN_FRAMEWORK_HEADER = YES;
				CLANG_WARN_RANGE_LOOP_ANALYSIS = YES;
				CLANG_WARN_STRICT_PROTOTYPES = YES;
				CLANG_WARN_SUSPICIOUS_MOVE = YES;
				CLANG_WARN_UNGUARDED_AVAILABILITY = YES_AGGRESSIVE;
				CLANG_WARN_UNREACHABLE_CODE = YES;
				CLANG_WARN__DUPLICATE_METHOD_MATCH = YES;
				COPY_PHASE_STRIP = NO;
				DEBUG_INFORMATION_FORMAT = "dwarf-with-dsym";
				ENABLE_NS_ASSERTIONS = NO;
				ENABLE_STRICT_OBJC_MSGSEND = YES;
				GCC_C_LANGUAGE_STANDARD = gnu11;
				GCC_NO_COMMON_BLOCKS = YES;
				GCC_WARN_64_TO_32_BIT_CONVERSION = YES;
				GCC_WARN_ABOUT_RETURN_TYPE = YES_ERROR;
				GCC_WARN_UNDECLARED_SELECTOR = YES;
				GCC_WARN_UNINITIALIZED_AUTOS = YES_AGGRESSIVE;
				GCC_WARN_UNUSED_FUNCTION = YES;
				GCC_WARN_UNUSED_VARIABLE = YES;
				IPHONEOS_DEPLOYMENT_TARGET = 15.4;
				MTL_ENABLE_DEBUG_INFO = NO;
				MTL_FAST_MATH = YES;
				SDKROOT = iphoneos;
				SWIFT_COMPILATION_MODE = wholemodule;
				SWIFT_OPTIMIZATION_LEVEL = "-O";
				VALIDATE_PRODUCT = YES;
			};
			name = Release;
		};
		1B64B72727F14CF900B29580 /* Debug */ = {
			isa = XCBuildConfiguration;
			buildSettings = {
				ASSETCATALOG_COMPILER_APPICON_NAME = AppIcon;
				ASSETCATALOG_COMPILER_GLOBAL_ACCENT_COLOR_NAME = AccentColor;
				CODE_SIGN_STYLE = Automatic;
				CURRENT_PROJECT_VERSION = 1;
				DEVELOPMENT_TEAM = "";
				GENERATE_INFOPLIST_FILE = YES;
				INFOPLIST_FILE = SignUp/Supporting/Info.plist;
				INFOPLIST_KEY_UIApplicationSupportsIndirectInputEvents = YES;
				INFOPLIST_KEY_UILaunchStoryboardName = LaunchScreen;
				INFOPLIST_KEY_UIMainStoryboardFile = Main;
				INFOPLIST_KEY_UISupportedInterfaceOrientations_iPad = "UIInterfaceOrientationPortrait UIInterfaceOrientationPortraitUpsideDown UIInterfaceOrientationLandscapeLeft UIInterfaceOrientationLandscapeRight";
				INFOPLIST_KEY_UISupportedInterfaceOrientations_iPhone = "UIInterfaceOrientationPortrait UIInterfaceOrientationLandscapeLeft UIInterfaceOrientationLandscapeRight";
				LD_RUNPATH_SEARCH_PATHS = (
					"$(inherited)",
					"@executable_path/Frameworks",
				);
				MARKETING_VERSION = 1.0;
				PRODUCT_BUNDLE_IDENTIFIER = com.sanghwiback.SignUp;
				PRODUCT_NAME = "$(TARGET_NAME)";
				SWIFT_EMIT_LOC_STRINGS = YES;
				SWIFT_VERSION = 5.0;
				TARGETED_DEVICE_FAMILY = "1,2";
			};
			name = Debug;
		};
		1B64B72827F14CF900B29580 /* Release */ = {
			isa = XCBuildConfiguration;
			buildSettings = {
				ASSETCATALOG_COMPILER_APPICON_NAME = AppIcon;
				ASSETCATALOG_COMPILER_GLOBAL_ACCENT_COLOR_NAME = AccentColor;
				CODE_SIGN_STYLE = Automatic;
				CURRENT_PROJECT_VERSION = 1;
				DEVELOPMENT_TEAM = "";
				GENERATE_INFOPLIST_FILE = YES;
				INFOPLIST_FILE = SignUp/Supporting/Info.plist;
				INFOPLIST_KEY_UIApplicationSupportsIndirectInputEvents = YES;
				INFOPLIST_KEY_UILaunchStoryboardName = LaunchScreen;
				INFOPLIST_KEY_UIMainStoryboardFile = Main;
				INFOPLIST_KEY_UISupportedInterfaceOrientations_iPad = "UIInterfaceOrientationPortrait UIInterfaceOrientationPortraitUpsideDown UIInterfaceOrientationLandscapeLeft UIInterfaceOrientationLandscapeRight";
				INFOPLIST_KEY_UISupportedInterfaceOrientations_iPhone = "UIInterfaceOrientationPortrait UIInterfaceOrientationLandscapeLeft UIInterfaceOrientationLandscapeRight";
				LD_RUNPATH_SEARCH_PATHS = (
					"$(inherited)",
					"@executable_path/Frameworks",
				);
				MARKETING_VERSION = 1.0;
				PRODUCT_BUNDLE_IDENTIFIER = com.sanghwiback.SignUp;
				PRODUCT_NAME = "$(TARGET_NAME)";
				SWIFT_EMIT_LOC_STRINGS = YES;
				SWIFT_VERSION = 5.0;
				TARGETED_DEVICE_FAMILY = "1,2";
			};
			name = Release;
		};
		1B64B72A27F14CF900B29580 /* Debug */ = {
			isa = XCBuildConfiguration;
			buildSettings = {
				ALWAYS_EMBED_SWIFT_STANDARD_LIBRARIES = YES;
				BUNDLE_LOADER = "$(TEST_HOST)";
				CODE_SIGN_STYLE = Automatic;
				CURRENT_PROJECT_VERSION = 1;
				DEVELOPMENT_TEAM = L3ZPWB4HNK;
				GENERATE_INFOPLIST_FILE = YES;
				IPHONEOS_DEPLOYMENT_TARGET = 15.4;
				MARKETING_VERSION = 1.0;
				PRODUCT_BUNDLE_IDENTIFIER = com.sanghwiback.SignUpTests;
				PRODUCT_NAME = "$(TARGET_NAME)";
				SWIFT_EMIT_LOC_STRINGS = NO;
				SWIFT_VERSION = 5.0;
				TARGETED_DEVICE_FAMILY = "1,2";
				TEST_HOST = "$(BUILT_PRODUCTS_DIR)/SignUp.app/SignUp";
			};
			name = Debug;
		};
		1B64B72B27F14CF900B29580 /* Release */ = {
			isa = XCBuildConfiguration;
			buildSettings = {
				ALWAYS_EMBED_SWIFT_STANDARD_LIBRARIES = YES;
				BUNDLE_LOADER = "$(TEST_HOST)";
				CODE_SIGN_STYLE = Automatic;
				CURRENT_PROJECT_VERSION = 1;
				DEVELOPMENT_TEAM = L3ZPWB4HNK;
				GENERATE_INFOPLIST_FILE = YES;
				IPHONEOS_DEPLOYMENT_TARGET = 15.4;
				MARKETING_VERSION = 1.0;
				PRODUCT_BUNDLE_IDENTIFIER = com.sanghwiback.SignUpTests;
				PRODUCT_NAME = "$(TARGET_NAME)";
				SWIFT_EMIT_LOC_STRINGS = NO;
				SWIFT_VERSION = 5.0;
				TARGETED_DEVICE_FAMILY = "1,2";
				TEST_HOST = "$(BUILT_PRODUCTS_DIR)/SignUp.app/SignUp";
			};
			name = Release;
		};
		1B64B72D27F14CF900B29580 /* Debug */ = {
			isa = XCBuildConfiguration;
			buildSettings = {
				ALWAYS_EMBED_SWIFT_STANDARD_LIBRARIES = YES;
				CODE_SIGN_STYLE = Automatic;
				CURRENT_PROJECT_VERSION = 1;
				DEVELOPMENT_TEAM = L3ZPWB4HNK;
				GENERATE_INFOPLIST_FILE = YES;
				MARKETING_VERSION = 1.0;
				PRODUCT_BUNDLE_IDENTIFIER = com.sanghwiback.SignUpUITests;
				PRODUCT_NAME = "$(TARGET_NAME)";
				SWIFT_EMIT_LOC_STRINGS = NO;
				SWIFT_VERSION = 5.0;
				TARGETED_DEVICE_FAMILY = "1,2";
				TEST_TARGET_NAME = SignUp;
			};
			name = Debug;
		};
		1B64B72E27F14CF900B29580 /* Release */ = {
			isa = XCBuildConfiguration;
			buildSettings = {
				ALWAYS_EMBED_SWIFT_STANDARD_LIBRARIES = YES;
				CODE_SIGN_STYLE = Automatic;
				CURRENT_PROJECT_VERSION = 1;
				DEVELOPMENT_TEAM = L3ZPWB4HNK;
				GENERATE_INFOPLIST_FILE = YES;
				MARKETING_VERSION = 1.0;
				PRODUCT_BUNDLE_IDENTIFIER = com.sanghwiback.SignUpUITests;
				PRODUCT_NAME = "$(TARGET_NAME)";
				SWIFT_EMIT_LOC_STRINGS = NO;
				SWIFT_VERSION = 5.0;
				TARGETED_DEVICE_FAMILY = "1,2";
				TEST_TARGET_NAME = SignUp;
			};
			name = Release;
		};
/* End XCBuildConfiguration section */

/* Begin XCConfigurationList section */
		1B64B6F727F14CF700B29580 /* Build configuration list for PBXProject "SignUp" */ = {
			isa = XCConfigurationList;
			buildConfigurations = (
				1B64B72427F14CF900B29580 /* Debug */,
				1B64B72527F14CF900B29580 /* Release */,
			);
			defaultConfigurationIsVisible = 0;
			defaultConfigurationName = Release;
		};
		1B64B72627F14CF900B29580 /* Build configuration list for PBXNativeTarget "SignUp" */ = {
			isa = XCConfigurationList;
			buildConfigurations = (
				1B64B72727F14CF900B29580 /* Debug */,
				1B64B72827F14CF900B29580 /* Release */,
			);
			defaultConfigurationIsVisible = 0;
			defaultConfigurationName = Release;
		};
		1B64B72927F14CF900B29580 /* Build configuration list for PBXNativeTarget "SignUpTests" */ = {
			isa = XCConfigurationList;
			buildConfigurations = (
				1B64B72A27F14CF900B29580 /* Debug */,
				1B64B72B27F14CF900B29580 /* Release */,
			);
			defaultConfigurationIsVisible = 0;
			defaultConfigurationName = Release;
		};
		1B64B72C27F14CF900B29580 /* Build configuration list for PBXNativeTarget "SignUpUITests" */ = {
			isa = XCConfigurationList;
			buildConfigurations = (
				1B64B72D27F14CF900B29580 /* Debug */,
				1B64B72E27F14CF900B29580 /* Release */,
			);
			defaultConfigurationIsVisible = 0;
			defaultConfigurationName = Release;
		};
/* End XCConfigurationList section */
	};
	rootObject = 1B64B6F427F14CF700B29580 /* Project object */;
}
