// !$*UTF8*$!
{
	archiveVersion = 1;
	classes = {
	};
	objectVersion = 55;
	objects = {

/* Begin PBXBuildFile section */
		8D1E791227F1A23A004FD949 /* SignUpInputViewable.swift in Sources */ = {isa = PBXBuildFile; fileRef = 8D1E791127F1A23A004FD949 /* SignUpInputViewable.swift */; };
		8D1E791427F1A2C7004FD949 /* SignUpInputViewFactory.swift in Sources */ = {isa = PBXBuildFile; fileRef = 8D1E791327F1A2C7004FD949 /* SignUpInputViewFactory.swift */; };
		8D1E791627F1A2F6004FD949 /* SignUpInputViewCreator.swift in Sources */ = {isa = PBXBuildFile; fileRef = 8D1E791527F1A2F6004FD949 /* SignUpInputViewCreator.swift */; };
		8D3347A627F14CDE00AD1F41 /* AppDelegate.swift in Sources */ = {isa = PBXBuildFile; fileRef = 8D3347A527F14CDE00AD1F41 /* AppDelegate.swift */; };
		8D3347A827F14CDE00AD1F41 /* SceneDelegate.swift in Sources */ = {isa = PBXBuildFile; fileRef = 8D3347A727F14CDE00AD1F41 /* SceneDelegate.swift */; };
		8D3347AA27F14CDE00AD1F41 /* SignUpViewController.swift in Sources */ = {isa = PBXBuildFile; fileRef = 8D3347A927F14CDE00AD1F41 /* SignUpViewController.swift */; };
		8D3347AF27F14CE100AD1F41 /* Assets.xcassets in Resources */ = {isa = PBXBuildFile; fileRef = 8D3347AE27F14CE100AD1F41 /* Assets.xcassets */; };
		8D3347B227F14CE100AD1F41 /* LaunchScreen.storyboard in Resources */ = {isa = PBXBuildFile; fileRef = 8D3347B027F14CE100AD1F41 /* LaunchScreen.storyboard */; };
		8D3347BD27F14CE200AD1F41 /* SignUpTests.swift in Sources */ = {isa = PBXBuildFile; fileRef = 8D3347BC27F14CE200AD1F41 /* SignUpTests.swift */; };
		8D3347C727F14CE200AD1F41 /* SignUpUITests.swift in Sources */ = {isa = PBXBuildFile; fileRef = 8D3347C627F14CE200AD1F41 /* SignUpUITests.swift */; };
		8D3347C927F14CE200AD1F41 /* SignUpUITestsLaunchTests.swift in Sources */ = {isa = PBXBuildFile; fileRef = 8D3347C827F14CE200AD1F41 /* SignUpUITestsLaunchTests.swift */; };
		8D3347D827F151A200AD1F41 /* SignUpInputViewComponent.swift in Sources */ = {isa = PBXBuildFile; fileRef = 8D3347D727F151A200AD1F41 /* SignUpInputViewComponent.swift */; };
/* End PBXBuildFile section */

/* Begin PBXContainerItemProxy section */
		8D3347B927F14CE200AD1F41 /* PBXContainerItemProxy */ = {
			isa = PBXContainerItemProxy;
			containerPortal = 8D33479A27F14CDE00AD1F41 /* Project object */;
			proxyType = 1;
			remoteGlobalIDString = 8D3347A127F14CDE00AD1F41;
			remoteInfo = SignUp;
		};
		8D3347C327F14CE200AD1F41 /* PBXContainerItemProxy */ = {
			isa = PBXContainerItemProxy;
			containerPortal = 8D33479A27F14CDE00AD1F41 /* Project object */;
			proxyType = 1;
			remoteGlobalIDString = 8D3347A127F14CDE00AD1F41;
			remoteInfo = SignUp;
		};
/* End PBXContainerItemProxy section */

/* Begin PBXFileReference section */
		8D1E791127F1A23A004FD949 /* SignUpInputViewable.swift */ = {isa = PBXFileReference; lastKnownFileType = sourcecode.swift; path = SignUpInputViewable.swift; sourceTree = "<group>"; };
		8D1E791327F1A2C7004FD949 /* SignUpInputViewFactory.swift */ = {isa = PBXFileReference; lastKnownFileType = sourcecode.swift; path = SignUpInputViewFactory.swift; sourceTree = "<group>"; };
		8D1E791527F1A2F6004FD949 /* SignUpInputViewCreator.swift */ = {isa = PBXFileReference; lastKnownFileType = sourcecode.swift; path = SignUpInputViewCreator.swift; sourceTree = "<group>"; };
		8D3347A227F14CDE00AD1F41 /* SignUp.app */ = {isa = PBXFileReference; explicitFileType = wrapper.application; includeInIndex = 0; path = SignUp.app; sourceTree = BUILT_PRODUCTS_DIR; };
		8D3347A527F14CDE00AD1F41 /* AppDelegate.swift */ = {isa = PBXFileReference; lastKnownFileType = sourcecode.swift; path = AppDelegate.swift; sourceTree = "<group>"; };
		8D3347A727F14CDE00AD1F41 /* SceneDelegate.swift */ = {isa = PBXFileReference; lastKnownFileType = sourcecode.swift; path = SceneDelegate.swift; sourceTree = "<group>"; };
		8D3347A927F14CDE00AD1F41 /* SignUpViewController.swift */ = {isa = PBXFileReference; lastKnownFileType = sourcecode.swift; path = SignUpViewController.swift; sourceTree = "<group>"; };
		8D3347AE27F14CE100AD1F41 /* Assets.xcassets */ = {isa = PBXFileReference; lastKnownFileType = folder.assetcatalog; path = Assets.xcassets; sourceTree = "<group>"; };
		8D3347B127F14CE100AD1F41 /* Base */ = {isa = PBXFileReference; lastKnownFileType = file.storyboard; name = Base; path = Base.lproj/LaunchScreen.storyboard; sourceTree = "<group>"; };
		8D3347B327F14CE100AD1F41 /* Info.plist */ = {isa = PBXFileReference; lastKnownFileType = text.plist.xml; path = Info.plist; sourceTree = "<group>"; };
		8D3347B827F14CE200AD1F41 /* SignUpTests.xctest */ = {isa = PBXFileReference; explicitFileType = wrapper.cfbundle; includeInIndex = 0; path = SignUpTests.xctest; sourceTree = BUILT_PRODUCTS_DIR; };
		8D3347BC27F14CE200AD1F41 /* SignUpTests.swift */ = {isa = PBXFileReference; lastKnownFileType = sourcecode.swift; path = SignUpTests.swift; sourceTree = "<group>"; };
		8D3347C227F14CE200AD1F41 /* SignUpUITests.xctest */ = {isa = PBXFileReference; explicitFileType = wrapper.cfbundle; includeInIndex = 0; path = SignUpUITests.xctest; sourceTree = BUILT_PRODUCTS_DIR; };
		8D3347C627F14CE200AD1F41 /* SignUpUITests.swift */ = {isa = PBXFileReference; lastKnownFileType = sourcecode.swift; path = SignUpUITests.swift; sourceTree = "<group>"; };
		8D3347C827F14CE200AD1F41 /* SignUpUITestsLaunchTests.swift */ = {isa = PBXFileReference; lastKnownFileType = sourcecode.swift; path = SignUpUITestsLaunchTests.swift; sourceTree = "<group>"; };
		8D3347D727F151A200AD1F41 /* SignUpInputViewComponent.swift */ = {isa = PBXFileReference; lastKnownFileType = sourcecode.swift; path = SignUpInputViewComponent.swift; sourceTree = "<group>"; };
/* End PBXFileReference section */

/* Begin PBXFrameworksBuildPhase section */
		8D33479F27F14CDE00AD1F41 /* Frameworks */ = {
			isa = PBXFrameworksBuildPhase;
			buildActionMask = 2147483647;
			files = (
			);
			runOnlyForDeploymentPostprocessing = 0;
		};
		8D3347B527F14CE200AD1F41 /* Frameworks */ = {
			isa = PBXFrameworksBuildPhase;
			buildActionMask = 2147483647;
			files = (
			);
			runOnlyForDeploymentPostprocessing = 0;
		};
		8D3347BF27F14CE200AD1F41 /* Frameworks */ = {
			isa = PBXFrameworksBuildPhase;
			buildActionMask = 2147483647;
			files = (
			);
			runOnlyForDeploymentPostprocessing = 0;
		};
/* End PBXFrameworksBuildPhase section */

/* Begin PBXGroup section */
		8D33479927F14CDE00AD1F41 = {
			isa = PBXGroup;
			children = (
				8D3347A427F14CDE00AD1F41 /* SignUp */,
				8D3347BB27F14CE200AD1F41 /* SignUpTests */,
				8D3347C527F14CE200AD1F41 /* SignUpUITests */,
				8D3347A327F14CDE00AD1F41 /* Products */,
			);
			sourceTree = "<group>";
		};
		8D3347A327F14CDE00AD1F41 /* Products */ = {
			isa = PBXGroup;
			children = (
				8D3347A227F14CDE00AD1F41 /* SignUp.app */,
				8D3347B827F14CE200AD1F41 /* SignUpTests.xctest */,
				8D3347C227F14CE200AD1F41 /* SignUpUITests.xctest */,
			);
			name = Products;
			sourceTree = "<group>";
		};
		8D3347A427F14CDE00AD1F41 /* SignUp */ = {
			isa = PBXGroup;
			children = (
				8D3347D627F1517D00AD1F41 /* SignUpSence */,
				8D3347D527F14CF500AD1F41 /* SupportingFiles */,
				8D3347B327F14CE100AD1F41 /* Info.plist */,
			);
			path = SignUp;
			sourceTree = "<group>";
		};
		8D3347BB27F14CE200AD1F41 /* SignUpTests */ = {
			isa = PBXGroup;
			children = (
				8D3347BC27F14CE200AD1F41 /* SignUpTests.swift */,
			);
			path = SignUpTests;
			sourceTree = "<group>";
		};
		8D3347C527F14CE200AD1F41 /* SignUpUITests */ = {
			isa = PBXGroup;
			children = (
				8D3347C627F14CE200AD1F41 /* SignUpUITests.swift */,
				8D3347C827F14CE200AD1F41 /* SignUpUITestsLaunchTests.swift */,
			);
			path = SignUpUITests;
			sourceTree = "<group>";
		};
		8D3347D527F14CF500AD1F41 /* SupportingFiles */ = {
			isa = PBXGroup;
			children = (
				8D3347A527F14CDE00AD1F41 /* AppDelegate.swift */,
				8D3347A727F14CDE00AD1F41 /* SceneDelegate.swift */,
				8D3347AE27F14CE100AD1F41 /* Assets.xcassets */,
				8D3347B027F14CE100AD1F41 /* LaunchScreen.storyboard */,
			);
			path = SupportingFiles;
			sourceTree = "<group>";
		};
		8D3347D627F1517D00AD1F41 /* SignUpSence */ = {
			isa = PBXGroup;
			children = (
				8D3347A927F14CDE00AD1F41 /* SignUpViewController.swift */,
				8D3347D727F151A200AD1F41 /* SignUpInputViewComponent.swift */,
				8D1E791327F1A2C7004FD949 /* SignUpInputViewFactory.swift */,
				8D1E791527F1A2F6004FD949 /* SignUpInputViewCreator.swift */,
				8D1E791127F1A23A004FD949 /* SignUpInputViewable.swift */,
			);
			path = SignUpSence;
			sourceTree = "<group>";
		};
/* End PBXGroup section */

/* Begin PBXNativeTarget section */
		8D3347A127F14CDE00AD1F41 /* SignUp */ = {
			isa = PBXNativeTarget;
			buildConfigurationList = 8D3347CC27F14CE200AD1F41 /* Build configuration list for PBXNativeTarget "SignUp" */;
			buildPhases = (
				8D33479E27F14CDE00AD1F41 /* Sources */,
				8D33479F27F14CDE00AD1F41 /* Frameworks */,
				8D3347A027F14CDE00AD1F41 /* Resources */,
			);
			buildRules = (
			);
			dependencies = (
			);
			name = SignUp;
			productName = SignUp;
			productReference = 8D3347A227F14CDE00AD1F41 /* SignUp.app */;
			productType = "com.apple.product-type.application";
		};
		8D3347B727F14CE200AD1F41 /* SignUpTests */ = {
			isa = PBXNativeTarget;
			buildConfigurationList = 8D3347CF27F14CE200AD1F41 /* Build configuration list for PBXNativeTarget "SignUpTests" */;
			buildPhases = (
				8D3347B427F14CE200AD1F41 /* Sources */,
				8D3347B527F14CE200AD1F41 /* Frameworks */,
				8D3347B627F14CE200AD1F41 /* Resources */,
			);
			buildRules = (
			);
			dependencies = (
				8D3347BA27F14CE200AD1F41 /* PBXTargetDependency */,
			);
			name = SignUpTests;
			productName = SignUpTests;
			productReference = 8D3347B827F14CE200AD1F41 /* SignUpTests.xctest */;
			productType = "com.apple.product-type.bundle.unit-test";
		};
		8D3347C127F14CE200AD1F41 /* SignUpUITests */ = {
			isa = PBXNativeTarget;
			buildConfigurationList = 8D3347D227F14CE200AD1F41 /* Build configuration list for PBXNativeTarget "SignUpUITests" */;
			buildPhases = (
				8D3347BE27F14CE200AD1F41 /* Sources */,
				8D3347BF27F14CE200AD1F41 /* Frameworks */,
				8D3347C027F14CE200AD1F41 /* Resources */,
			);
			buildRules = (
			);
			dependencies = (
				8D3347C427F14CE200AD1F41 /* PBXTargetDependency */,
			);
			name = SignUpUITests;
			productName = SignUpUITests;
			productReference = 8D3347C227F14CE200AD1F41 /* SignUpUITests.xctest */;
			productType = "com.apple.product-type.bundle.ui-testing";
		};
/* End PBXNativeTarget section */

/* Begin PBXProject section */
		8D33479A27F14CDE00AD1F41 /* Project object */ = {
			isa = PBXProject;
			attributes = {
				BuildIndependentTargetsInParallel = 1;
				LastSwiftUpdateCheck = 1320;
				LastUpgradeCheck = 1320;
				TargetAttributes = {
					8D3347A127F14CDE00AD1F41 = {
						CreatedOnToolsVersion = 13.2.1;
					};
					8D3347B727F14CE200AD1F41 = {
						CreatedOnToolsVersion = 13.2.1;
						TestTargetID = 8D3347A127F14CDE00AD1F41;
					};
					8D3347C127F14CE200AD1F41 = {
						CreatedOnToolsVersion = 13.2.1;
						TestTargetID = 8D3347A127F14CDE00AD1F41;
					};
				};
			};
			buildConfigurationList = 8D33479D27F14CDE00AD1F41 /* Build configuration list for PBXProject "SignUp" */;
			compatibilityVersion = "Xcode 13.0";
			developmentRegion = en;
			hasScannedForEncodings = 0;
			knownRegions = (
				en,
				Base,
			);
			mainGroup = 8D33479927F14CDE00AD1F41;
			productRefGroup = 8D3347A327F14CDE00AD1F41 /* Products */;
			projectDirPath = "";
			projectRoot = "";
			targets = (
				8D3347A127F14CDE00AD1F41 /* SignUp */,
				8D3347B727F14CE200AD1F41 /* SignUpTests */,
				8D3347C127F14CE200AD1F41 /* SignUpUITests */,
			);
		};
/* End PBXProject section */

/* Begin PBXResourcesBuildPhase section */
		8D3347A027F14CDE00AD1F41 /* Resources */ = {
			isa = PBXResourcesBuildPhase;
			buildActionMask = 2147483647;
			files = (
				8D3347B227F14CE100AD1F41 /* LaunchScreen.storyboard in Resources */,
				8D3347AF27F14CE100AD1F41 /* Assets.xcassets in Resources */,
			);
			runOnlyForDeploymentPostprocessing = 0;
		};
		8D3347B627F14CE200AD1F41 /* Resources */ = {
			isa = PBXResourcesBuildPhase;
			buildActionMask = 2147483647;
			files = (
			);
			runOnlyForDeploymentPostprocessing = 0;
		};
		8D3347C027F14CE200AD1F41 /* Resources */ = {
			isa = PBXResourcesBuildPhase;
			buildActionMask = 2147483647;
			files = (
			);
			runOnlyForDeploymentPostprocessing = 0;
		};
/* End PBXResourcesBuildPhase section */

/* Begin PBXSourcesBuildPhase section */
		8D33479E27F14CDE00AD1F41 /* Sources */ = {
			isa = PBXSourcesBuildPhase;
			buildActionMask = 2147483647;
			files = (
				8D3347D827F151A200AD1F41 /* SignUpInputViewComponent.swift in Sources */,
				8D1E791427F1A2C7004FD949 /* SignUpInputViewFactory.swift in Sources */,
				8D3347AA27F14CDE00AD1F41 /* SignUpViewController.swift in Sources */,
				8D1E791227F1A23A004FD949 /* SignUpInputViewable.swift in Sources */,
				8D3347A627F14CDE00AD1F41 /* AppDelegate.swift in Sources */,
				8D1E791627F1A2F6004FD949 /* SignUpInputViewCreator.swift in Sources */,
				8D3347A827F14CDE00AD1F41 /* SceneDelegate.swift in Sources */,
			);
			runOnlyForDeploymentPostprocessing = 0;
		};
		8D3347B427F14CE200AD1F41 /* Sources */ = {
			isa = PBXSourcesBuildPhase;
			buildActionMask = 2147483647;
			files = (
				8D3347BD27F14CE200AD1F41 /* SignUpTests.swift in Sources */,
			);
			runOnlyForDeploymentPostprocessing = 0;
		};
		8D3347BE27F14CE200AD1F41 /* Sources */ = {
			isa = PBXSourcesBuildPhase;
			buildActionMask = 2147483647;
			files = (
				8D3347C927F14CE200AD1F41 /* SignUpUITestsLaunchTests.swift in Sources */,
				8D3347C727F14CE200AD1F41 /* SignUpUITests.swift in Sources */,
			);
			runOnlyForDeploymentPostprocessing = 0;
		};
/* End PBXSourcesBuildPhase section */

/* Begin PBXTargetDependency section */
		8D3347BA27F14CE200AD1F41 /* PBXTargetDependency */ = {
			isa = PBXTargetDependency;
			target = 8D3347A127F14CDE00AD1F41 /* SignUp */;
			targetProxy = 8D3347B927F14CE200AD1F41 /* PBXContainerItemProxy */;
		};
		8D3347C427F14CE200AD1F41 /* PBXTargetDependency */ = {
			isa = PBXTargetDependency;
			target = 8D3347A127F14CDE00AD1F41 /* SignUp */;
			targetProxy = 8D3347C327F14CE200AD1F41 /* PBXContainerItemProxy */;
		};
/* End PBXTargetDependency section */

/* Begin PBXVariantGroup section */
		8D3347B027F14CE100AD1F41 /* LaunchScreen.storyboard */ = {
			isa = PBXVariantGroup;
			children = (
				8D3347B127F14CE100AD1F41 /* Base */,
			);
			name = LaunchScreen.storyboard;
			sourceTree = "<group>";
		};
/* End PBXVariantGroup section */

/* Begin XCBuildConfiguration section */
		8D3347CA27F14CE200AD1F41 /* Debug */ = {
			isa = XCBuildConfiguration;
			buildSettings = {
				ALWAYS_SEARCH_USER_PATHS = NO;
				CLANG_ANALYZER_NONNULL = YES;
				CLANG_ANALYZER_NUMBER_OBJECT_CONVERSION = YES_AGGRESSIVE;
				CLANG_CXX_LANGUAGE_STANDARD = "gnu++17";
				CLANG_CXX_LIBRARY = "libc++";
				CLANG_ENABLE_MODULES = YES;
				CLANG_ENABLE_OBJC_ARC = YES;
				CLANG_ENABLE_OBJC_WEAK = YES;
				CLANG_WARN_BLOCK_CAPTURE_AUTORELEASING = YES;
				CLANG_WARN_BOOL_CONVERSION = YES;
				CLANG_WARN_COMMA = YES;
				CLANG_WARN_CONSTANT_CONVERSION = YES;
				CLANG_WARN_DEPRECATED_OBJC_IMPLEMENTATIONS = YES;
				CLANG_WARN_DIRECT_OBJC_ISA_USAGE = YES_ERROR;
				CLANG_WARN_DOCUMENTATION_COMMENTS = YES;
				CLANG_WARN_EMPTY_BODY = YES;
				CLANG_WARN_ENUM_CONVERSION = YES;
				CLANG_WARN_INFINITE_RECURSION = YES;
				CLANG_WARN_INT_CONVERSION = YES;
				CLANG_WARN_NON_LITERAL_NULL_CONVERSION = YES;
				CLANG_WARN_OBJC_IMPLICIT_RETAIN_SELF = YES;
				CLANG_WARN_OBJC_LITERAL_CONVERSION = YES;
				CLANG_WARN_OBJC_ROOT_CLASS = YES_ERROR;
				CLANG_WARN_QUOTED_INCLUDE_IN_FRAMEWORK_HEADER = YES;
				CLANG_WARN_RANGE_LOOP_ANALYSIS = YES;
				CLANG_WARN_STRICT_PROTOTYPES = YES;
				CLANG_WARN_SUSPICIOUS_MOVE = YES;
				CLANG_WARN_UNGUARDED_AVAILABILITY = YES_AGGRESSIVE;
				CLANG_WARN_UNREACHABLE_CODE = YES;
				CLANG_WARN__DUPLICATE_METHOD_MATCH = YES;
				COPY_PHASE_STRIP = NO;
				DEBUG_INFORMATION_FORMAT = dwarf;
				ENABLE_STRICT_OBJC_MSGSEND = YES;
				ENABLE_TESTABILITY = YES;
				GCC_C_LANGUAGE_STANDARD = gnu11;
				GCC_DYNAMIC_NO_PIC = NO;
				GCC_NO_COMMON_BLOCKS = YES;
				GCC_OPTIMIZATION_LEVEL = 0;
				GCC_PREPROCESSOR_DEFINITIONS = (
					"DEBUG=1",
					"$(inherited)",
				);
				GCC_WARN_64_TO_32_BIT_CONVERSION = YES;
				GCC_WARN_ABOUT_RETURN_TYPE = YES_ERROR;
				GCC_WARN_UNDECLARED_SELECTOR = YES;
				GCC_WARN_UNINITIALIZED_AUTOS = YES_AGGRESSIVE;
				GCC_WARN_UNUSED_FUNCTION = YES;
				GCC_WARN_UNUSED_VARIABLE = YES;
				IPHONEOS_DEPLOYMENT_TARGET = 15.2;
				MTL_ENABLE_DEBUG_INFO = INCLUDE_SOURCE;
				MTL_FAST_MATH = YES;
				ONLY_ACTIVE_ARCH = YES;
				SDKROOT = iphoneos;
				SWIFT_ACTIVE_COMPILATION_CONDITIONS = DEBUG;
				SWIFT_OPTIMIZATION_LEVEL = "-Onone";
			};
			name = Debug;
		};
		8D3347CB27F14CE200AD1F41 /* Release */ = {
			isa = XCBuildConfiguration;
			buildSettings = {
				ALWAYS_SEARCH_USER_PATHS = NO;
				CLANG_ANALYZER_NONNULL = YES;
				CLANG_ANALYZER_NUMBER_OBJECT_CONVERSION = YES_AGGRESSIVE;
				CLANG_CXX_LANGUAGE_STANDARD = "gnu++17";
				CLANG_CXX_LIBRARY = "libc++";
				CLANG_ENABLE_MODULES = YES;
				CLANG_ENABLE_OBJC_ARC = YES;
				CLANG_ENABLE_OBJC_WEAK = YES;
				CLANG_WARN_BLOCK_CAPTURE_AUTORELEASING = YES;
				CLANG_WARN_BOOL_CONVERSION = YES;
				CLANG_WARN_COMMA = YES;
				CLANG_WARN_CONSTANT_CONVERSION = YES;
				CLANG_WARN_DEPRECATED_OBJC_IMPLEMENTATIONS = YES;
				CLANG_WARN_DIRECT_OBJC_ISA_USAGE = YES_ERROR;
				CLANG_WARN_DOCUMENTATION_COMMENTS = YES;
				CLANG_WARN_EMPTY_BODY = YES;
				CLANG_WARN_ENUM_CONVERSION = YES;
				CLANG_WARN_INFINITE_RECURSION = YES;
				CLANG_WARN_INT_CONVERSION = YES;
				CLANG_WARN_NON_LITERAL_NULL_CONVERSION = YES;
				CLANG_WARN_OBJC_IMPLICIT_RETAIN_SELF = YES;
				CLANG_WARN_OBJC_LITERAL_CONVERSION = YES;
				CLANG_WARN_OBJC_ROOT_CLASS = YES_ERROR;
				CLANG_WARN_QUOTED_INCLUDE_IN_FRAMEWORK_HEADER = YES;
				CLANG_WARN_RANGE_LOOP_ANALYSIS = YES;
				CLANG_WARN_STRICT_PROTOTYPES = YES;
				CLANG_WARN_SUSPICIOUS_MOVE = YES;
				CLANG_WARN_UNGUARDED_AVAILABILITY = YES_AGGRESSIVE;
				CLANG_WARN_UNREACHABLE_CODE = YES;
				CLANG_WARN__DUPLICATE_METHOD_MATCH = YES;
				COPY_PHASE_STRIP = NO;
				DEBUG_INFORMATION_FORMAT = "dwarf-with-dsym";
				ENABLE_NS_ASSERTIONS = NO;
				ENABLE_STRICT_OBJC_MSGSEND = YES;
				GCC_C_LANGUAGE_STANDARD = gnu11;
				GCC_NO_COMMON_BLOCKS = YES;
				GCC_WARN_64_TO_32_BIT_CONVERSION = YES;
				GCC_WARN_ABOUT_RETURN_TYPE = YES_ERROR;
				GCC_WARN_UNDECLARED_SELECTOR = YES;
				GCC_WARN_UNINITIALIZED_AUTOS = YES_AGGRESSIVE;
				GCC_WARN_UNUSED_FUNCTION = YES;
				GCC_WARN_UNUSED_VARIABLE = YES;
				IPHONEOS_DEPLOYMENT_TARGET = 15.2;
				MTL_ENABLE_DEBUG_INFO = NO;
				MTL_FAST_MATH = YES;
				SDKROOT = iphoneos;
				SWIFT_COMPILATION_MODE = wholemodule;
				SWIFT_OPTIMIZATION_LEVEL = "-O";
				VALIDATE_PRODUCT = YES;
			};
			name = Release;
		};
		8D3347CD27F14CE200AD1F41 /* Debug */ = {
			isa = XCBuildConfiguration;
			buildSettings = {
				ASSETCATALOG_COMPILER_APPICON_NAME = AppIcon;
				ASSETCATALOG_COMPILER_GLOBAL_ACCENT_COLOR_NAME = AccentColor;
				CODE_SIGN_STYLE = Automatic;
				CURRENT_PROJECT_VERSION = 1;
				DEVELOPMENT_TEAM = N6KUR9465F;
				GENERATE_INFOPLIST_FILE = YES;
				INFOPLIST_FILE = SignUp/Info.plist;
				INFOPLIST_KEY_UIApplicationSupportsIndirectInputEvents = YES;
				INFOPLIST_KEY_UILaunchStoryboardName = LaunchScreen;
				INFOPLIST_KEY_UISupportedInterfaceOrientations_iPad = "UIInterfaceOrientationPortrait UIInterfaceOrientationPortraitUpsideDown UIInterfaceOrientationLandscapeLeft UIInterfaceOrientationLandscapeRight";
				INFOPLIST_KEY_UISupportedInterfaceOrientations_iPhone = "UIInterfaceOrientationPortrait UIInterfaceOrientationLandscapeLeft UIInterfaceOrientationLandscapeRight";
				LD_RUNPATH_SEARCH_PATHS = (
					"$(inherited)",
					"@executable_path/Frameworks",
				);
				MARKETING_VERSION = 1.0;
				PRODUCT_BUNDLE_IDENTIFIER = com.SeobJin.SignUp;
				PRODUCT_NAME = "$(TARGET_NAME)";
				SWIFT_EMIT_LOC_STRINGS = YES;
				SWIFT_VERSION = 5.0;
				TARGETED_DEVICE_FAMILY = "1,2";
			};
			name = Debug;
		};
		8D3347CE27F14CE200AD1F41 /* Release */ = {
			isa = XCBuildConfiguration;
			buildSettings = {
				ASSETCATALOG_COMPILER_APPICON_NAME = AppIcon;
				ASSETCATALOG_COMPILER_GLOBAL_ACCENT_COLOR_NAME = AccentColor;
				CODE_SIGN_STYLE = Automatic;
				CURRENT_PROJECT_VERSION = 1;
				DEVELOPMENT_TEAM = N6KUR9465F;
				GENERATE_INFOPLIST_FILE = YES;
				INFOPLIST_FILE = SignUp/Info.plist;
				INFOPLIST_KEY_UIApplicationSupportsIndirectInputEvents = YES;
				INFOPLIST_KEY_UILaunchStoryboardName = LaunchScreen;
				INFOPLIST_KEY_UISupportedInterfaceOrientations_iPad = "UIInterfaceOrientationPortrait UIInterfaceOrientationPortraitUpsideDown UIInterfaceOrientationLandscapeLeft UIInterfaceOrientationLandscapeRight";
				INFOPLIST_KEY_UISupportedInterfaceOrientations_iPhone = "UIInterfaceOrientationPortrait UIInterfaceOrientationLandscapeLeft UIInterfaceOrientationLandscapeRight";
				LD_RUNPATH_SEARCH_PATHS = (
					"$(inherited)",
					"@executable_path/Frameworks",
				);
				MARKETING_VERSION = 1.0;
				PRODUCT_BUNDLE_IDENTIFIER = com.SeobJin.SignUp;
				PRODUCT_NAME = "$(TARGET_NAME)";
				SWIFT_EMIT_LOC_STRINGS = YES;
				SWIFT_VERSION = 5.0;
				TARGETED_DEVICE_FAMILY = "1,2";
			};
			name = Release;
		};
		8D3347D027F14CE200AD1F41 /* Debug */ = {
			isa = XCBuildConfiguration;
			buildSettings = {
				ALWAYS_EMBED_SWIFT_STANDARD_LIBRARIES = YES;
				BUNDLE_LOADER = "$(TEST_HOST)";
				CODE_SIGN_STYLE = Automatic;
				CURRENT_PROJECT_VERSION = 1;
				DEVELOPMENT_TEAM = N6KUR9465F;
				GENERATE_INFOPLIST_FILE = YES;
				IPHONEOS_DEPLOYMENT_TARGET = 15.2;
				MARKETING_VERSION = 1.0;
				PRODUCT_BUNDLE_IDENTIFIER = com.SeobJin.SignUpTests;
				PRODUCT_NAME = "$(TARGET_NAME)";
				SWIFT_EMIT_LOC_STRINGS = NO;
				SWIFT_VERSION = 5.0;
				TARGETED_DEVICE_FAMILY = "1,2";
				TEST_HOST = "$(BUILT_PRODUCTS_DIR)/SignUp.app/SignUp";
			};
			name = Debug;
		};
		8D3347D127F14CE200AD1F41 /* Release */ = {
			isa = XCBuildConfiguration;
			buildSettings = {
				ALWAYS_EMBED_SWIFT_STANDARD_LIBRARIES = YES;
				BUNDLE_LOADER = "$(TEST_HOST)";
				CODE_SIGN_STYLE = Automatic;
				CURRENT_PROJECT_VERSION = 1;
				DEVELOPMENT_TEAM = N6KUR9465F;
				GENERATE_INFOPLIST_FILE = YES;
				IPHONEOS_DEPLOYMENT_TARGET = 15.2;
				MARKETING_VERSION = 1.0;
				PRODUCT_BUNDLE_IDENTIFIER = com.SeobJin.SignUpTests;
				PRODUCT_NAME = "$(TARGET_NAME)";
				SWIFT_EMIT_LOC_STRINGS = NO;
				SWIFT_VERSION = 5.0;
				TARGETED_DEVICE_FAMILY = "1,2";
				TEST_HOST = "$(BUILT_PRODUCTS_DIR)/SignUp.app/SignUp";
			};
			name = Release;
		};
		8D3347D327F14CE200AD1F41 /* Debug */ = {
			isa = XCBuildConfiguration;
			buildSettings = {
				ALWAYS_EMBED_SWIFT_STANDARD_LIBRARIES = YES;
				CODE_SIGN_STYLE = Automatic;
				CURRENT_PROJECT_VERSION = 1;
				DEVELOPMENT_TEAM = N6KUR9465F;
				GENERATE_INFOPLIST_FILE = YES;
				MARKETING_VERSION = 1.0;
				PRODUCT_BUNDLE_IDENTIFIER = com.SeobJin.SignUpUITests;
				PRODUCT_NAME = "$(TARGET_NAME)";
				SWIFT_EMIT_LOC_STRINGS = NO;
				SWIFT_VERSION = 5.0;
				TARGETED_DEVICE_FAMILY = "1,2";
				TEST_TARGET_NAME = SignUp;
			};
			name = Debug;
		};
		8D3347D427F14CE200AD1F41 /* Release */ = {
			isa = XCBuildConfiguration;
			buildSettings = {
				ALWAYS_EMBED_SWIFT_STANDARD_LIBRARIES = YES;
				CODE_SIGN_STYLE = Automatic;
				CURRENT_PROJECT_VERSION = 1;
				DEVELOPMENT_TEAM = N6KUR9465F;
				GENERATE_INFOPLIST_FILE = YES;
				MARKETING_VERSION = 1.0;
				PRODUCT_BUNDLE_IDENTIFIER = com.SeobJin.SignUpUITests;
				PRODUCT_NAME = "$(TARGET_NAME)";
				SWIFT_EMIT_LOC_STRINGS = NO;
				SWIFT_VERSION = 5.0;
				TARGETED_DEVICE_FAMILY = "1,2";
				TEST_TARGET_NAME = SignUp;
			};
			name = Release;
		};
/* End XCBuildConfiguration section */

/* Begin XCConfigurationList section */
		8D33479D27F14CDE00AD1F41 /* Build configuration list for PBXProject "SignUp" */ = {
			isa = XCConfigurationList;
			buildConfigurations = (
				8D3347CA27F14CE200AD1F41 /* Debug */,
				8D3347CB27F14CE200AD1F41 /* Release */,
			);
			defaultConfigurationIsVisible = 0;
			defaultConfigurationName = Release;
		};
		8D3347CC27F14CE200AD1F41 /* Build configuration list for PBXNativeTarget "SignUp" */ = {
			isa = XCConfigurationList;
			buildConfigurations = (
				8D3347CD27F14CE200AD1F41 /* Debug */,
				8D3347CE27F14CE200AD1F41 /* Release */,
			);
			defaultConfigurationIsVisible = 0;
			defaultConfigurationName = Release;
		};
		8D3347CF27F14CE200AD1F41 /* Build configuration list for PBXNativeTarget "SignUpTests" */ = {
			isa = XCConfigurationList;
			buildConfigurations = (
				8D3347D027F14CE200AD1F41 /* Debug */,
				8D3347D127F14CE200AD1F41 /* Release */,
			);
			defaultConfigurationIsVisible = 0;
			defaultConfigurationName = Release;
		};
		8D3347D227F14CE200AD1F41 /* Build configuration list for PBXNativeTarget "SignUpUITests" */ = {
			isa = XCConfigurationList;
			buildConfigurations = (
				8D3347D327F14CE200AD1F41 /* Debug */,
				8D3347D427F14CE200AD1F41 /* Release */,
			);
			defaultConfigurationIsVisible = 0;
			defaultConfigurationName = Release;
		};
/* End XCConfigurationList section */
	};
	rootObject = 8D33479A27F14CDE00AD1F41 /* Project object */;
}
